<?xml version="1.0" encoding="utf-8"?>
<Project ToolsVersion="4.0" xmlns="http://schemas.microsoft.com/developer/msbuild/2003">
  <ItemGroup>
    <Filter Include="Source Files">
      <UniqueIdentifier>{325ff32f-b5a6-4ad1-981d-a2ba1c88f994}</UniqueIdentifier>
      <Extensions>.c;.cpp</Extensions>
    </Filter>
    <Filter Include="Header Files">
      <UniqueIdentifier>{05412033-a788-4d9a-893d-4ceaeb312b14}</UniqueIdentifier>
      <Extensions>.h</Extensions>
    </Filter>
    <Filter Include="Resource Files">
      <UniqueIdentifier>{3fb88264-06f3-4e23-92ba-1a32f9afb617}</UniqueIdentifier>
      <Extensions>.rc;.mc;.mof</Extensions>
    </Filter>
  </ItemGroup>
  <ItemGroup>
    <ClCompile Include="filter.c">
      <Filter>Source Files</Filter>
    </ClCompile>
    <ClCompile Include="pnp.c">
      <Filter>Source Files</Filter>
    </ClCompile>
    <ClCompile Include="power.c">
      <Filter>Source Files</Filter>
    </ClCompile>
    <ClCompile Include="util.c">
      <Filter>Source Files</Filter>
    </ClCompile>
  </ItemGroup>
  <ItemGroup>
    <ClInclude Include="filter.h">
      <Filter>Header Files</Filter>
    </ClInclude>
    <ClInclude Include="irp_define.h">
      <Filter>Header Files</Filter>
    </ClInclude>
  </ItemGroup>
  <ItemGroup>
    <ResourceCompile Include="filter.rc">
      <Filter>Resource Files</Filter>
    </ResourceCompile>
  </ItemGroup>
</Project>